
Microsoft Visual Studio Solution File, Format Version 12.00
# Visual Studio Version 17
VisualStudioVersion = 17.0.32002.185
MinimumVisualStudioVersion = 15.0.26124.0
Project("{2150E333-8FDC-42A3-9474-1A3956D46DE8}") = "src", "src", "{889EAA38-2B90-4D4A-AA4B-FE7B8C2CF432}"
EndProject
Project("{9A19103F-16F7-4668-BE54-9A1E7A4F7556}") = "hihapi", "src\hihapi\hihapi.csproj", "{7FD54C11-ACF8-4BEB-8EC1-03239E858ECA}"
EndProject
Project("{9A19103F-16F7-4668-BE54-9A1E7A4F7556}") = "hihapi.test", "test\hihapi.test\hihapi.test.csproj", "{AC810CE9-7071-466D-9675-87E2A9C0629C}"
EndProject
Project("{FAE04EC0-301F-11D3-BF4B-00C04F79EFBC}") = "hihapi.integrationtest", "hihapi.integrationtest\hihapi.integrationtest.csproj", "{CBE3846A-130E-4C20-BD5B-D99B852DEFAC}"
EndProject
Global
	GlobalSection(SolutionConfigurationPlatforms) = preSolution
		Debug|Any CPU = Debug|Any CPU
		Debug|x64 = Debug|x64
		Debug|x86 = Debug|x86
		Release|Any CPU = Release|Any CPU
		Release|x64 = Release|x64
		Release|x86 = Release|x86
	EndGlobalSection
	GlobalSection(ProjectConfigurationPlatforms) = postSolution
		{7FD54C11-ACF8-4BEB-8EC1-03239E858ECA}.Debug|Any CPU.ActiveCfg = Debug|Any CPU
		{7FD54C11-ACF8-4BEB-8EC1-03239E858ECA}.Debug|Any CPU.Build.0 = Debug|Any CPU
		{7FD54C11-ACF8-4BEB-8EC1-03239E858ECA}.Debug|x64.ActiveCfg = Debug|Any CPU
		{7FD54C11-ACF8-4BEB-8EC1-03239E858ECA}.Debug|x64.Build.0 = Debug|Any CPU
		{7FD54C11-ACF8-4BEB-8EC1-03239E858ECA}.Debug|x86.ActiveCfg = Debug|Any CPU
		{7FD54C11-ACF8-4BEB-8EC1-03239E858ECA}.Debug|x86.Build.0 = Debug|Any CPU
		{7FD54C11-ACF8-4BEB-8EC1-03239E858ECA}.Release|Any CPU.ActiveCfg = Release|Any CPU
		{7FD54C11-ACF8-4BEB-8EC1-03239E858ECA}.Release|Any CPU.Build.0 = Release|Any CPU
		{7FD54C11-ACF8-4BEB-8EC1-03239E858ECA}.Release|x64.ActiveCfg = Release|Any CPU
		{7FD54C11-ACF8-4BEB-8EC1-03239E858ECA}.Release|x64.Build.0 = Release|Any CPU
		{7FD54C11-ACF8-4BEB-8EC1-03239E858ECA}.Release|x86.ActiveCfg = Release|Any CPU
		{7FD54C11-ACF8-4BEB-8EC1-03239E858ECA}.Release|x86.Build.0 = Release|Any CPU
		{AC810CE9-7071-466D-9675-87E2A9C0629C}.Debug|Any CPU.ActiveCfg = Debug|Any CPU
		{AC810CE9-7071-466D-9675-87E2A9C0629C}.Debug|Any CPU.Build.0 = Debug|Any CPU
		{AC810CE9-7071-466D-9675-87E2A9C0629C}.Debug|x64.ActiveCfg = Debug|Any CPU
		{AC810CE9-7071-466D-9675-87E2A9C0629C}.Debug|x64.Build.0 = Debug|Any CPU
		{AC810CE9-7071-466D-9675-87E2A9C0629C}.Debug|x86.ActiveCfg = Debug|Any CPU
		{AC810CE9-7071-466D-9675-87E2A9C0629C}.Debug|x86.Build.0 = Debug|Any CPU
		{AC810CE9-7071-466D-9675-87E2A9C0629C}.Release|Any CPU.ActiveCfg = Release|Any CPU
		{AC810CE9-7071-466D-9675-87E2A9C0629C}.Release|Any CPU.Build.0 = Release|Any CPU
		{AC810CE9-7071-466D-9675-87E2A9C0629C}.Release|x64.ActiveCfg = Release|Any CPU
		{AC810CE9-7071-466D-9675-87E2A9C0629C}.Release|x64.Build.0 = Release|Any CPU
		{AC810CE9-7071-466D-9675-87E2A9C0629C}.Release|x86.ActiveCfg = Release|Any CPU
		{AC810CE9-7071-466D-9675-87E2A9C0629C}.Release|x86.Build.0 = Release|Any CPU
		{CBE3846A-130E-4C20-BD5B-D99B852DEFAC}.Debug|Any CPU.ActiveCfg = Debug|Any CPU
		{CBE3846A-130E-4C20-BD5B-D99B852DEFAC}.Debug|Any CPU.Build.0 = Debug|Any CPU
		{CBE3846A-130E-4C20-BD5B-D99B852DEFAC}.Debug|x64.ActiveCfg = Debug|Any CPU
		{CBE3846A-130E-4C20-BD5B-D99B852DEFAC}.Debug|x64.Build.0 = Debug|Any CPU
		{CBE3846A-130E-4C20-BD5B-D99B852DEFAC}.Debug|x86.ActiveCfg = Debug|Any CPU
		{CBE3846A-130E-4C20-BD5B-D99B852DEFAC}.Debug|x86.Build.0 = Debug|Any CPU
		{CBE3846A-130E-4C20-BD5B-D99B852DEFAC}.Release|Any CPU.ActiveCfg = Release|Any CPU
		{CBE3846A-130E-4C20-BD5B-D99B852DEFAC}.Release|Any CPU.Build.0 = Release|Any CPU
		{CBE3846A-130E-4C20-BD5B-D99B852DEFAC}.Release|x64.ActiveCfg = Release|Any CPU
		{CBE3846A-130E-4C20-BD5B-D99B852DEFAC}.Release|x64.Build.0 = Release|Any CPU
		{CBE3846A-130E-4C20-BD5B-D99B852DEFAC}.Release|x86.ActiveCfg = Release|Any CPU
		{CBE3846A-130E-4C20-BD5B-D99B852DEFAC}.Release|x86.Build.0 = Release|Any CPU
	EndGlobalSection
	GlobalSection(SolutionProperties) = preSolution
		HideSolutionNode = FALSE
	EndGlobalSection
	GlobalSection(NestedProjects) = preSolution
		{7FD54C11-ACF8-4BEB-8EC1-03239E858ECA} = {889EAA38-2B90-4D4A-AA4B-FE7B8C2CF432}
		{AC810CE9-7071-466D-9675-87E2A9C0629C} = {889EAA38-2B90-4D4A-AA4B-FE7B8C2CF432}
		{CBE3846A-130E-4C20-BD5B-D99B852DEFAC} = {889EAA38-2B90-4D4A-AA4B-FE7B8C2CF432}
	EndGlobalSection
	GlobalSection(ExtensibilityGlobals) = postSolution
		SolutionGuid = {D2C793E5-40D9-4377-BF3A-F6D6ED423492}
	EndGlobalSection
EndGlobal
