
Microsoft Visual Studio Solution File, Format Version 12.00
# Visual Studio 15
VisualStudioVersion = 15.0.27004.2002
MinimumVisualStudioVersion = 10.0.40219.1
Project("{2150E333-8FDC-42A3-9474-1A3956D46DE8}") = "src", "src", "{49D18AB5-4545-439D-BF58-14D9B0838001}"
EndProject
Project("{2150E333-8FDC-42A3-9474-1A3956D46DE8}") = "Solution Items", "Solution Items", "{CDAD4D96-52CE-432F-B822-705F98AC2FE2}"
EndProject
Project("{9A19103F-16F7-4668-BE54-9A1E7A4F7556}") = "achihapi", "src\achihapi\achihapi.csproj", "{0C9235EC-77A4-44FF-88AA-0AFC1598585E}"
EndProject
Project("{9A19103F-16F7-4668-BE54-9A1E7A4F7556}") = "achihapi.test", "src\achihapi.test\achihapi.test.csproj", "{1CD6B053-1D3B-42B8-8F01-C93F0C25AF5B}"
EndProject
Global
	GlobalSection(SolutionConfigurationPlatforms) = preSolution
		AliRelease|Any CPU = AliRelease|Any CPU
		AzureRelease|Any CPU = AzureRelease|Any CPU
		Debug|Any CPU = Debug|Any CPU
		Release|Any CPU = Release|Any CPU
	EndGlobalSection
	GlobalSection(ProjectConfigurationPlatforms) = postSolution
		{0C9235EC-77A4-44FF-88AA-0AFC1598585E}.AliRelease|Any CPU.ActiveCfg = AliRelease|Any CPU
		{0C9235EC-77A4-44FF-88AA-0AFC1598585E}.AliRelease|Any CPU.Build.0 = AliRelease|Any CPU
		{0C9235EC-77A4-44FF-88AA-0AFC1598585E}.AzureRelease|Any CPU.ActiveCfg = AzureRelease|Any CPU
		{0C9235EC-77A4-44FF-88AA-0AFC1598585E}.AzureRelease|Any CPU.Build.0 = AzureRelease|Any CPU
		{0C9235EC-77A4-44FF-88AA-0AFC1598585E}.Debug|Any CPU.ActiveCfg = Debug|Any CPU
		{0C9235EC-77A4-44FF-88AA-0AFC1598585E}.Debug|Any CPU.Build.0 = Debug|Any CPU
		{0C9235EC-77A4-44FF-88AA-0AFC1598585E}.Release|Any CPU.ActiveCfg = Release|Any CPU
		{0C9235EC-77A4-44FF-88AA-0AFC1598585E}.Release|Any CPU.Build.0 = Release|Any CPU
		{1CD6B053-1D3B-42B8-8F01-C93F0C25AF5B}.AliRelease|Any CPU.ActiveCfg = Release|Any CPU
		{1CD6B053-1D3B-42B8-8F01-C93F0C25AF5B}.AliRelease|Any CPU.Build.0 = Release|Any CPU
		{1CD6B053-1D3B-42B8-8F01-C93F0C25AF5B}.AzureRelease|Any CPU.ActiveCfg = Release|Any CPU
		{1CD6B053-1D3B-42B8-8F01-C93F0C25AF5B}.AzureRelease|Any CPU.Build.0 = Release|Any CPU
		{1CD6B053-1D3B-42B8-8F01-C93F0C25AF5B}.Debug|Any CPU.ActiveCfg = Debug|Any CPU
		{1CD6B053-1D3B-42B8-8F01-C93F0C25AF5B}.Debug|Any CPU.Build.0 = Debug|Any CPU
		{1CD6B053-1D3B-42B8-8F01-C93F0C25AF5B}.Release|Any CPU.ActiveCfg = Release|Any CPU
		{1CD6B053-1D3B-42B8-8F01-C93F0C25AF5B}.Release|Any CPU.Build.0 = Release|Any CPU
	EndGlobalSection
	GlobalSection(SolutionProperties) = preSolution
		HideSolutionNode = FALSE
	EndGlobalSection
	GlobalSection(NestedProjects) = preSolution
		{0C9235EC-77A4-44FF-88AA-0AFC1598585E} = {49D18AB5-4545-439D-BF58-14D9B0838001}
		{1CD6B053-1D3B-42B8-8F01-C93F0C25AF5B} = {49D18AB5-4545-439D-BF58-14D9B0838001}
	EndGlobalSection
	GlobalSection(ExtensibilityGlobals) = postSolution
		SolutionGuid = {949A0B60-9473-4A21-9FFA-63E175EC95BE}
	EndGlobalSection
EndGlobal
