
Microsoft Visual Studio Solution File, Format Version 12.00
# Visual Studio Version 17
VisualStudioVersion = 17.0.32002.185
MinimumVisualStudioVersion = 15.0.26124.0
Project("{2150E333-8FDC-42A3-9474-1A3956D46DE8}") = "src", "src", "{889EAA38-2B90-4D4A-AA4B-FE7B8C2CF432}"
EndProject
Project("{9A19103F-16F7-4668-BE54-9A1E7A4F7556}") = "hihapi", "src\hihapi\hihapi.csproj", "{7FD54C11-ACF8-4BEB-8EC1-03239E858ECA}"
EndProject
Project("{9A19103F-16F7-4668-BE54-9A1E7A4F7556}") = "hihapi.unittest", "test\hihapi.test\hihapi.unittest.csproj", "{AC810CE9-7071-466D-9675-87E2A9C0629C}"
EndProject
Project("{2150E333-8FDC-42A3-9474-1A3956D46DE8}") = "test", "test", "{CD082C8E-4EC8-46DD-9A61-DCF4C3BB3D19}"
EndProject
Project("{9A19103F-16F7-4668-BE54-9A1E7A4F7556}") = "hihapi.integrationtest", "test\hihapi.integrationtest\hihapi.integrationtest.csproj", "{EC00F63D-21C6-40DA-A837-76C24C48E476}"
EndProject
Project("{9A19103F-16F7-4668-BE54-9A1E7A4F7556}") = "hihapi.test.common", "test\hihapi.test.common\hihapi.test.common.csproj", "{CC6C1A23-D9A4-4A0B-BE7A-C92E81D97779}"
EndProject
Global
	GlobalSection(SolutionConfigurationPlatforms) = preSolution
		Debug|Any CPU = Debug|Any CPU
		Debug|x64 = Debug|x64
		Debug|x86 = Debug|x86
		Release|Any CPU = Release|Any CPU
		Release|x64 = Release|x64
		Release|x86 = Release|x86
	EndGlobalSection
	GlobalSection(ProjectConfigurationPlatforms) = postSolution
		{7FD54C11-ACF8-4BEB-8EC1-03239E858ECA}.Debug|Any CPU.ActiveCfg = Debug|Any CPU
		{7FD54C11-ACF8-4BEB-8EC1-03239E858ECA}.Debug|Any CPU.Build.0 = Debug|Any CPU
		{7FD54C11-ACF8-4BEB-8EC1-03239E858ECA}.Debug|x64.ActiveCfg = Debug|Any CPU
		{7FD54C11-ACF8-4BEB-8EC1-03239E858ECA}.Debug|x64.Build.0 = Debug|Any CPU
		{7FD54C11-ACF8-4BEB-8EC1-03239E858ECA}.Debug|x86.ActiveCfg = Debug|Any CPU
		{7FD54C11-ACF8-4BEB-8EC1-03239E858ECA}.Debug|x86.Build.0 = Debug|Any CPU
		{7FD54C11-ACF8-4BEB-8EC1-03239E858ECA}.Release|Any CPU.ActiveCfg = Release|Any CPU
		{7FD54C11-ACF8-4BEB-8EC1-03239E858ECA}.Release|Any CPU.Build.0 = Release|Any CPU
		{7FD54C11-ACF8-4BEB-8EC1-03239E858ECA}.Release|x64.ActiveCfg = Release|Any CPU
		{7FD54C11-ACF8-4BEB-8EC1-03239E858ECA}.Release|x64.Build.0 = Release|Any CPU
		{7FD54C11-ACF8-4BEB-8EC1-03239E858ECA}.Release|x86.ActiveCfg = Release|Any CPU
		{7FD54C11-ACF8-4BEB-8EC1-03239E858ECA}.Release|x86.Build.0 = Release|Any CPU
		{AC810CE9-7071-466D-9675-87E2A9C0629C}.Debug|Any CPU.ActiveCfg = Debug|Any CPU
		{AC810CE9-7071-466D-9675-87E2A9C0629C}.Debug|Any CPU.Build.0 = Debug|Any CPU
		{AC810CE9-7071-466D-9675-87E2A9C0629C}.Debug|x64.ActiveCfg = Debug|Any CPU
		{AC810CE9-7071-466D-9675-87E2A9C0629C}.Debug|x64.Build.0 = Debug|Any CPU
		{AC810CE9-7071-466D-9675-87E2A9C0629C}.Debug|x86.ActiveCfg = Debug|Any CPU
		{AC810CE9-7071-466D-9675-87E2A9C0629C}.Debug|x86.Build.0 = Debug|Any CPU
		{AC810CE9-7071-466D-9675-87E2A9C0629C}.Release|Any CPU.ActiveCfg = Release|Any CPU
		{AC810CE9-7071-466D-9675-87E2A9C0629C}.Release|Any CPU.Build.0 = Release|Any CPU
		{AC810CE9-7071-466D-9675-87E2A9C0629C}.Release|x64.ActiveCfg = Release|Any CPU
		{AC810CE9-7071-466D-9675-87E2A9C0629C}.Release|x64.Build.0 = Release|Any CPU
		{AC810CE9-7071-466D-9675-87E2A9C0629C}.Release|x86.ActiveCfg = Release|Any CPU
		{AC810CE9-7071-466D-9675-87E2A9C0629C}.Release|x86.Build.0 = Release|Any CPU
		{EC00F63D-21C6-40DA-A837-76C24C48E476}.Debug|Any CPU.ActiveCfg = Debug|Any CPU
		{EC00F63D-21C6-40DA-A837-76C24C48E476}.Debug|Any CPU.Build.0 = Debug|Any CPU
		{EC00F63D-21C6-40DA-A837-76C24C48E476}.Debug|x64.ActiveCfg = Debug|Any CPU
		{EC00F63D-21C6-40DA-A837-76C24C48E476}.Debug|x64.Build.0 = Debug|Any CPU
		{EC00F63D-21C6-40DA-A837-76C24C48E476}.Debug|x86.ActiveCfg = Debug|Any CPU
		{EC00F63D-21C6-40DA-A837-76C24C48E476}.Debug|x86.Build.0 = Debug|Any CPU
		{EC00F63D-21C6-40DA-A837-76C24C48E476}.Release|Any CPU.ActiveCfg = Release|Any CPU
		{EC00F63D-21C6-40DA-A837-76C24C48E476}.Release|Any CPU.Build.0 = Release|Any CPU
		{EC00F63D-21C6-40DA-A837-76C24C48E476}.Release|x64.ActiveCfg = Release|Any CPU
		{EC00F63D-21C6-40DA-A837-76C24C48E476}.Release|x64.Build.0 = Release|Any CPU
		{EC00F63D-21C6-40DA-A837-76C24C48E476}.Release|x86.ActiveCfg = Release|Any CPU
		{EC00F63D-21C6-40DA-A837-76C24C48E476}.Release|x86.Build.0 = Release|Any CPU
		{CC6C1A23-D9A4-4A0B-BE7A-C92E81D97779}.Debug|Any CPU.ActiveCfg = Debug|Any CPU
		{CC6C1A23-D9A4-4A0B-BE7A-C92E81D97779}.Debug|Any CPU.Build.0 = Debug|Any CPU
		{CC6C1A23-D9A4-4A0B-BE7A-C92E81D97779}.Debug|x64.ActiveCfg = Debug|Any CPU
		{CC6C1A23-D9A4-4A0B-BE7A-C92E81D97779}.Debug|x64.Build.0 = Debug|Any CPU
		{CC6C1A23-D9A4-4A0B-BE7A-C92E81D97779}.Debug|x86.ActiveCfg = Debug|Any CPU
		{CC6C1A23-D9A4-4A0B-BE7A-C92E81D97779}.Debug|x86.Build.0 = Debug|Any CPU
		{CC6C1A23-D9A4-4A0B-BE7A-C92E81D97779}.Release|Any CPU.ActiveCfg = Release|Any CPU
		{CC6C1A23-D9A4-4A0B-BE7A-C92E81D97779}.Release|Any CPU.Build.0 = Release|Any CPU
		{CC6C1A23-D9A4-4A0B-BE7A-C92E81D97779}.Release|x64.ActiveCfg = Release|Any CPU
		{CC6C1A23-D9A4-4A0B-BE7A-C92E81D97779}.Release|x64.Build.0 = Release|Any CPU
		{CC6C1A23-D9A4-4A0B-BE7A-C92E81D97779}.Release|x86.ActiveCfg = Release|Any CPU
		{CC6C1A23-D9A4-4A0B-BE7A-C92E81D97779}.Release|x86.Build.0 = Release|Any CPU
	EndGlobalSection
	GlobalSection(SolutionProperties) = preSolution
		HideSolutionNode = FALSE
	EndGlobalSection
	GlobalSection(NestedProjects) = preSolution
		{7FD54C11-ACF8-4BEB-8EC1-03239E858ECA} = {889EAA38-2B90-4D4A-AA4B-FE7B8C2CF432}
		{AC810CE9-7071-466D-9675-87E2A9C0629C} = {CD082C8E-4EC8-46DD-9A61-DCF4C3BB3D19}
		{EC00F63D-21C6-40DA-A837-76C24C48E476} = {CD082C8E-4EC8-46DD-9A61-DCF4C3BB3D19}
		{CC6C1A23-D9A4-4A0B-BE7A-C92E81D97779} = {CD082C8E-4EC8-46DD-9A61-DCF4C3BB3D19}
	EndGlobalSection
	GlobalSection(ExtensibilityGlobals) = postSolution
		SolutionGuid = {D2C793E5-40D9-4377-BF3A-F6D6ED423492}
	EndGlobalSection
EndGlobal
